
Microsoft Visual Studio Solution File, Format Version 12.00
# Visual Studio Version 16
VisualStudioVersion = 16.0.30503.244
MinimumVisualStudioVersion = 10.0.40219.1
Project("{FAE04EC0-301F-11D3-BF4B-00C04F79EFBC}") = "WebBanLapTopDT", "WebBanLapTopDT\WebBanLapTopDT.csproj", "{6E47855B-F87C-4C67-95A8-4B5F4B9C2872}"
EndProject
Project("{FAE04EC0-301F-11D3-BF4B-00C04F79EFBC}") = "LapTopOBJ", "LapTopOBJ\LapTopOBJ.csproj", "{D4C115A7-128C-455B-8503-DBC8B3F8B650}"
EndProject
Project("{FAE04EC0-301F-11D3-BF4B-00C04F79EFBC}") = "LapTopDAO", "LapTopDAO\LapTopDAO.csproj", "{492BDFF8-D45E-4EB0-82FE-ED46BA5E9E7B}"
EndProject
Project("{FAE04EC0-301F-11D3-BF4B-00C04F79EFBC}") = "LapTopBUSS", "LapTopBUSS\LapTopBUSS.csproj", "{2C553327-4ECF-4794-9FA3-E728852C73E5}"
EndProject
Global
	GlobalSection(SolutionConfigurationPlatforms) = preSolution
		Debug|Any CPU = Debug|Any CPU
		Release|Any CPU = Release|Any CPU
	EndGlobalSection
	GlobalSection(ProjectConfigurationPlatforms) = postSolution
		{6E47855B-F87C-4C67-95A8-4B5F4B9C2872}.Debug|Any CPU.ActiveCfg = Debug|Any CPU
		{6E47855B-F87C-4C67-95A8-4B5F4B9C2872}.Debug|Any CPU.Build.0 = Debug|Any CPU
		{6E47855B-F87C-4C67-95A8-4B5F4B9C2872}.Release|Any CPU.ActiveCfg = Release|Any CPU
		{6E47855B-F87C-4C67-95A8-4B5F4B9C2872}.Release|Any CPU.Build.0 = Release|Any CPU
		{D4C115A7-128C-455B-8503-DBC8B3F8B650}.Debug|Any CPU.ActiveCfg = Debug|Any CPU
		{D4C115A7-128C-455B-8503-DBC8B3F8B650}.Debug|Any CPU.Build.0 = Debug|Any CPU
		{D4C115A7-128C-455B-8503-DBC8B3F8B650}.Release|Any CPU.ActiveCfg = Release|Any CPU
		{D4C115A7-128C-455B-8503-DBC8B3F8B650}.Release|Any CPU.Build.0 = Release|Any CPU
		{492BDFF8-D45E-4EB0-82FE-ED46BA5E9E7B}.Debug|Any CPU.ActiveCfg = Debug|Any CPU
		{492BDFF8-D45E-4EB0-82FE-ED46BA5E9E7B}.Debug|Any CPU.Build.0 = Debug|Any CPU
		{492BDFF8-D45E-4EB0-82FE-ED46BA5E9E7B}.Release|Any CPU.ActiveCfg = Release|Any CPU
		{492BDFF8-D45E-4EB0-82FE-ED46BA5E9E7B}.Release|Any CPU.Build.0 = Release|Any CPU
		{2C553327-4ECF-4794-9FA3-E728852C73E5}.Debug|Any CPU.ActiveCfg = Debug|Any CPU
		{2C553327-4ECF-4794-9FA3-E728852C73E5}.Debug|Any CPU.Build.0 = Debug|Any CPU
		{2C553327-4ECF-4794-9FA3-E728852C73E5}.Release|Any CPU.ActiveCfg = Release|Any CPU
		{2C553327-4ECF-4794-9FA3-E728852C73E5}.Release|Any CPU.Build.0 = Release|Any CPU
	EndGlobalSection
	GlobalSection(SolutionProperties) = preSolution
		HideSolutionNode = FALSE
	EndGlobalSection
	GlobalSection(ExtensibilityGlobals) = postSolution
		SolutionGuid = {8C5F19BA-E77C-4DC4-AD5C-F2DA69DC5B76}
	EndGlobalSection
EndGlobal
